
Microsoft Visual Studio Solution File, Format Version 12.00
# Visual Studio Version 17
VisualStudioVersion = 17.4.33213.308
MinimumVisualStudioVersion = 10.0.40219.1
Project("{FAE04EC0-301F-11D3-BF4B-00C04F79EFBC}") = "Avalanche Price Bot", "Avalanche Price Bot\Avalanche Price Bot.csproj", "{70F32B65-7815-4C06-8ED0-5F682B5E8B9A}"
EndProject
Global
	GlobalSection(SolutionConfigurationPlatforms) = preSolution
		Debug|Any CPU = Debug|Any CPU
		Release|Any CPU = Release|Any CPU
	EndGlobalSection
	GlobalSection(ProjectConfigurationPlatforms) = postSolution
		{70F32B65-7815-4C06-8ED0-5F682B5E8B9A}.Debug|Any CPU.ActiveCfg = Debug|Any CPU
		{70F32B65-7815-4C06-8ED0-5F682B5E8B9A}.Debug|Any CPU.Build.0 = Debug|Any CPU
		{70F32B65-7815-4C06-8ED0-5F682B5E8B9A}.Release|Any CPU.ActiveCfg = Release|Any CPU
		{70F32B65-7815-4C06-8ED0-5F682B5E8B9A}.Release|Any CPU.Build.0 = Release|Any CPU
	EndGlobalSection
	GlobalSection(SolutionProperties) = preSolution
		HideSolutionNode = FALSE
	EndGlobalSection
	GlobalSection(ExtensibilityGlobals) = postSolution
		SolutionGuid = {BB58FD57-042B-4DC1-8791-074E7420076D}
	EndGlobalSection
EndGlobal
